{
  "requires": true,
  "lockfileVersion": 1,
  "dependencies": {
    "webidl2": {
      "version": "17.0.1",
      "resolved": "https://registry.npmjs.org/webidl2/-/webidl2-17.0.1.tgz",
      "integrity": "sha512-qNP+igb79ileC9S3NHSr/MOITiwzXH/W9tlgO8uMlqhGMYJ30uveF6yTQQDvXnXQjaByKtQXX3we4nZAm7xEyg=="
    }
  }
}
